
Microsoft Visual Studio Solution File, Format Version 12.00
# Visual Studio Version 17
VisualStudioVersion = 17.11.35222.181
MinimumVisualStudioVersion = 10.0.40219.1
Project("{2150E333-8FDC-42A3-9474-1A3956D46DE8}") = "Bootstrapper", "Bootstrapper", "{1EF8F514-1DB1-477E-A7DF-390E07FAD6D5}"
EndProject
Project("{2150E333-8FDC-42A3-9474-1A3956D46DE8}") = "Modules", "Modules", "{5E09B28E-9A2B-4D3E-A9CC-388E4E5F17FE}"
EndProject
Project("{2150E333-8FDC-42A3-9474-1A3956D46DE8}") = "Shared", "Shared", "{981E102F-4EFD-4487-8668-9A2F56E67BC3}"
EndProject
Project("{9A19103F-16F7-4668-BE54-9A1E7A4F7556}") = "Api", "Bootstrapper\Api\Api.csproj", "{DC729B45-B2DD-4A45-99EB-A17F62755FC2}"
EndProject
Project("{2150E333-8FDC-42A3-9474-1A3956D46DE8}") = "Catalog", "Catalog", "{935A3C6D-9CD4-4F44-B71F-FC83D19CA564}"
EndProject
Project("{2150E333-8FDC-42A3-9474-1A3956D46DE8}") = "Basket", "Basket", "{EA112FB1-C614-4214-B4AB-F21475C23998}"
EndProject
Project("{2150E333-8FDC-42A3-9474-1A3956D46DE8}") = "Ordering", "Ordering", "{ECAA8926-2AE7-4E53-905E-F7DA075EA8EE}"
EndProject
Project("{9A19103F-16F7-4668-BE54-9A1E7A4F7556}") = "Catalog", "Modules\Catalog\Catalog\Catalog.csproj", "{F754EDC5-1A39-421A-8E8C-5529E3D619B3}"
EndProject
Project("{9A19103F-16F7-4668-BE54-9A1E7A4F7556}") = "Basket", "Modules\Basket\Basket\Basket.csproj", "{004D0A2D-2B41-4C0E-8751-752104DCB45E}"
EndProject
Project("{9A19103F-16F7-4668-BE54-9A1E7A4F7556}") = "Ordering", "Modules\Ordering\Ordering\Ordering.csproj", "{B7939060-CD28-4091-91A4-4AFC61A80D76}"
EndProject
Project("{9A19103F-16F7-4668-BE54-9A1E7A4F7556}") = "Shared", "Shared\Shared\Shared.csproj", "{15264C87-C93B-4FC8-AA9C-53A7ABFDAD55}"
EndProject
Project("{E53339B2-1760-4266-BCC7-CA923CBCF16C}") = "docker-compose", "docker-compose.dcproj", "{5EC167B5-1B68-44CD-83FA-E4777027BDFB}"
EndProject
Global
	GlobalSection(SolutionConfigurationPlatforms) = preSolution
		Debug|Any CPU = Debug|Any CPU
		Release|Any CPU = Release|Any CPU
	EndGlobalSection
	GlobalSection(ProjectConfigurationPlatforms) = postSolution
		{DC729B45-B2DD-4A45-99EB-A17F62755FC2}.Debug|Any CPU.ActiveCfg = Debug|Any CPU
		{DC729B45-B2DD-4A45-99EB-A17F62755FC2}.Debug|Any CPU.Build.0 = Debug|Any CPU
		{DC729B45-B2DD-4A45-99EB-A17F62755FC2}.Release|Any CPU.ActiveCfg = Release|Any CPU
		{DC729B45-B2DD-4A45-99EB-A17F62755FC2}.Release|Any CPU.Build.0 = Release|Any CPU
		{F754EDC5-1A39-421A-8E8C-5529E3D619B3}.Debug|Any CPU.ActiveCfg = Debug|Any CPU
		{F754EDC5-1A39-421A-8E8C-5529E3D619B3}.Debug|Any CPU.Build.0 = Debug|Any CPU
		{F754EDC5-1A39-421A-8E8C-5529E3D619B3}.Release|Any CPU.ActiveCfg = Release|Any CPU
		{F754EDC5-1A39-421A-8E8C-5529E3D619B3}.Release|Any CPU.Build.0 = Release|Any CPU
		{004D0A2D-2B41-4C0E-8751-752104DCB45E}.Debug|Any CPU.ActiveCfg = Debug|Any CPU
		{004D0A2D-2B41-4C0E-8751-752104DCB45E}.Debug|Any CPU.Build.0 = Debug|Any CPU
		{004D0A2D-2B41-4C0E-8751-752104DCB45E}.Release|Any CPU.ActiveCfg = Release|Any CPU
		{004D0A2D-2B41-4C0E-8751-752104DCB45E}.Release|Any CPU.Build.0 = Release|Any CPU
		{B7939060-CD28-4091-91A4-4AFC61A80D76}.Debug|Any CPU.ActiveCfg = Debug|Any CPU
		{B7939060-CD28-4091-91A4-4AFC61A80D76}.Debug|Any CPU.Build.0 = Debug|Any CPU
		{B7939060-CD28-4091-91A4-4AFC61A80D76}.Release|Any CPU.ActiveCfg = Release|Any CPU
		{B7939060-CD28-4091-91A4-4AFC61A80D76}.Release|Any CPU.Build.0 = Release|Any CPU
		{15264C87-C93B-4FC8-AA9C-53A7ABFDAD55}.Debug|Any CPU.ActiveCfg = Debug|Any CPU
		{15264C87-C93B-4FC8-AA9C-53A7ABFDAD55}.Debug|Any CPU.Build.0 = Debug|Any CPU
		{15264C87-C93B-4FC8-AA9C-53A7ABFDAD55}.Release|Any CPU.ActiveCfg = Release|Any CPU
		{15264C87-C93B-4FC8-AA9C-53A7ABFDAD55}.Release|Any CPU.Build.0 = Release|Any CPU
		{5EC167B5-1B68-44CD-83FA-E4777027BDFB}.Debug|Any CPU.ActiveCfg = Debug|Any CPU
		{5EC167B5-1B68-44CD-83FA-E4777027BDFB}.Debug|Any CPU.Build.0 = Debug|Any CPU
		{5EC167B5-1B68-44CD-83FA-E4777027BDFB}.Release|Any CPU.ActiveCfg = Release|Any CPU
		{5EC167B5-1B68-44CD-83FA-E4777027BDFB}.Release|Any CPU.Build.0 = Release|Any CPU
	EndGlobalSection
	GlobalSection(SolutionProperties) = preSolution
		HideSolutionNode = FALSE
	EndGlobalSection
	GlobalSection(NestedProjects) = preSolution
		{DC729B45-B2DD-4A45-99EB-A17F62755FC2} = {1EF8F514-1DB1-477E-A7DF-390E07FAD6D5}
		{935A3C6D-9CD4-4F44-B71F-FC83D19CA564} = {5E09B28E-9A2B-4D3E-A9CC-388E4E5F17FE}
		{EA112FB1-C614-4214-B4AB-F21475C23998} = {5E09B28E-9A2B-4D3E-A9CC-388E4E5F17FE}
		{ECAA8926-2AE7-4E53-905E-F7DA075EA8EE} = {5E09B28E-9A2B-4D3E-A9CC-388E4E5F17FE}
		{F754EDC5-1A39-421A-8E8C-5529E3D619B3} = {935A3C6D-9CD4-4F44-B71F-FC83D19CA564}
		{004D0A2D-2B41-4C0E-8751-752104DCB45E} = {EA112FB1-C614-4214-B4AB-F21475C23998}
		{B7939060-CD28-4091-91A4-4AFC61A80D76} = {ECAA8926-2AE7-4E53-905E-F7DA075EA8EE}
		{15264C87-C93B-4FC8-AA9C-53A7ABFDAD55} = {981E102F-4EFD-4487-8668-9A2F56E67BC3}
	EndGlobalSection
	GlobalSection(ExtensibilityGlobals) = postSolution
		SolutionGuid = {8E4AE534-0925-419E-A3D3-E76A5968C5E5}
	EndGlobalSection
EndGlobal
